
Microsoft Visual Studio Solution File, Format Version 12.00
# Visual Studio 2017
Project("{FAE04EC0-301F-11D3-BF4B-00C04F79EFBC}") = "arena", "arena.csproj", "{557CADD4-8287-A9AB-83B8-1A93C2210549}"
EndProject
Global
	GlobalSection(SolutionConfigurationPlatforms) = preSolution
		Debug|Any CPU = Debug|Any CPU
		Release|Any CPU = Release|Any CPU
	EndGlobalSection
	GlobalSection(ProjectConfigurationPlatforms) = postSolution
		{557CADD4-8287-A9AB-83B8-1A93C2210549}.Debug|Any CPU.ActiveCfg = Debug|Any CPU
		{557CADD4-8287-A9AB-83B8-1A93C2210549}.Debug|Any CPU.Build.0 = Debug|Any CPU
		{557CADD4-8287-A9AB-83B8-1A93C2210549}.Release|Any CPU.ActiveCfg = Release|Any CPU
		{557CADD4-8287-A9AB-83B8-1A93C2210549}.Release|Any CPU.Build.0 = Release|Any CPU
	EndGlobalSection
	GlobalSection(SolutionProperties) = preSolution
		HideSolutionNode = FALSE
	EndGlobalSection
EndGlobal
